
Microsoft Visual Studio Solution File, Format Version 12.00
# Visual Studio Version 16
VisualStudioVersion = 16.0.29728.190
MinimumVisualStudioVersion = 10.0.40219.1
Project("{9A19103F-16F7-4668-BE54-9A1E7A4F7556}") = "YetiApi", "YetiApi\YetiApi.csproj", "{0C311BAD-B910-48E0-9CC7-E66CF90DB8BA}"
EndProject
Project("{FAE04EC0-301F-11D3-BF4B-00C04F79EFBC}") = "YetiApi.Tests", "YetiApi.Tests\YetiApi.Tests.csproj", "{7F7B6EBF-9109-408E-B12D-CED567853D64}"
EndProject
Global
	GlobalSection(SolutionConfigurationPlatforms) = preSolution
		Debug|Any CPU = Debug|Any CPU
		Release|Any CPU = Release|Any CPU
	EndGlobalSection
	GlobalSection(ProjectConfigurationPlatforms) = postSolution
		{0C311BAD-B910-48E0-9CC7-E66CF90DB8BA}.Debug|Any CPU.ActiveCfg = Debug|Any CPU
		{0C311BAD-B910-48E0-9CC7-E66CF90DB8BA}.Debug|Any CPU.Build.0 = Debug|Any CPU
		{0C311BAD-B910-48E0-9CC7-E66CF90DB8BA}.Release|Any CPU.ActiveCfg = Release|Any CPU
		{0C311BAD-B910-48E0-9CC7-E66CF90DB8BA}.Release|Any CPU.Build.0 = Release|Any CPU
		{7F7B6EBF-9109-408E-B12D-CED567853D64}.Debug|Any CPU.ActiveCfg = Debug|Any CPU
		{7F7B6EBF-9109-408E-B12D-CED567853D64}.Debug|Any CPU.Build.0 = Debug|Any CPU
		{7F7B6EBF-9109-408E-B12D-CED567853D64}.Release|Any CPU.ActiveCfg = Release|Any CPU
		{7F7B6EBF-9109-408E-B12D-CED567853D64}.Release|Any CPU.Build.0 = Release|Any CPU
	EndGlobalSection
	GlobalSection(SolutionProperties) = preSolution
		HideSolutionNode = FALSE
	EndGlobalSection
	GlobalSection(ExtensibilityGlobals) = postSolution
		SolutionGuid = {40B60960-EE35-4CD4-9EB5-404CE16D0DCC}
	EndGlobalSection
EndGlobal
